
Microsoft Visual Studio Solution File, Format Version 12.00
# Visual Studio Version 17
VisualStudioVersion = 17.8.34330.188
MinimumVisualStudioVersion = 10.0.40219.1
Project("{9A19103F-16F7-4668-BE54-9A1E7A4F7556}") = "aigentforinsurance", "aigentforinsurance.csproj", "{5B7DEF3F-4DE3-4CB8-AEE3-C6C7BAB3F542}"
EndProject
Global
	GlobalSection(SolutionConfigurationPlatforms) = preSolution
		Debug|Any CPU = Debug|Any CPU
		Release|Any CPU = Release|Any CPU
	EndGlobalSection
	GlobalSection(ProjectConfigurationPlatforms) = postSolution
		{5B7DEF3F-4DE3-4CB8-AEE3-C6C7BAB3F542}.Debug|Any CPU.ActiveCfg = Debug|Any CPU
		{5B7DEF3F-4DE3-4CB8-AEE3-C6C7BAB3F542}.Debug|Any CPU.Build.0 = Debug|Any CPU
		{5B7DEF3F-4DE3-4CB8-AEE3-C6C7BAB3F542}.Release|Any CPU.ActiveCfg = Release|Any CPU
		{5B7DEF3F-4DE3-4CB8-AEE3-C6C7BAB3F542}.Release|Any CPU.Build.0 = Release|Any CPU
	EndGlobalSection
	GlobalSection(SolutionProperties) = preSolution
		HideSolutionNode = FALSE
	EndGlobalSection
	GlobalSection(ExtensibilityGlobals) = postSolution
		SolutionGuid = {AA23399E-BF93-4CD8-8E34-6C571A9E2A06}
	EndGlobalSection
EndGlobal
